{
  "name": "@webreflection/idb-map",
  "version": "0.3.2",
  "lockfileVersion": 3,
  "requires": true,
  "packages": {
    "": {
      "name": "@webreflection/idb-map",
      "version": "0.3.2",
      "license": "MIT",
      "devDependencies": {
        "ascjs": "^6.0.3"
      }
    },
    "node_modules/@babel/parser": {
      "version": "7.24.7",
      "resolved": "https://registry.npmjs.org/@babel/parser/-/parser-7.24.7.tgz",
      "integrity": "sha512-9uUYRm6OqQrCqQdG1iCBwBPZgN8ciDBro2nIOFaiRz1/BCxaI7CNvQbDHvsArAC7Tw9Hda/B3U+6ui9u4HWXPw==",
      "dev": true,
      "license": "MIT",
      "bin": {
        "parser": "bin/babel-parser.js"
      },
      "engines": {
        "node": ">=6.0.0"
      }
    },
    "node_modules/ascjs": {
      "version": "6.0.3",
      "resolved": "https://registry.npmjs.org/ascjs/-/ascjs-6.0.3.tgz",
      "integrity": "sha512-lAIyi1j7oT0OtF9yFLiRf93LEcK7xTb/gPFwmfdi2T/BQmxJi1YcIES+VnP/kgGJkxq9Oh2DEK6GrZ6l2OVhVQ==",
      "dev": true,
      "license": "ISC",
      "dependencies": {
        "@babel/parser": "^7.12.5"
      },
      "bin": {
        "ascjs": "bin.js"
      }
    }
  }
}
